
Microsoft Visual Studio Solution File, Format Version 11.00
# Visual Studio 2010
Project("{FAE04EC0-301F-11D3-BF4B-00C04F79EFBC}") = "UnityEngine.TestRunner", "UnityEngine.TestRunner.csproj", "{913cb208-e085-2148-5286-010a03dca6ff}"
EndProject
Project("{FAE04EC0-301F-11D3-BF4B-00C04F79EFBC}") = "Unity.Mathematics", "Unity.Mathematics.csproj", "{41edb052-ff47-d322-a2e3-a4aa3177cf59}"
EndProject
Project("{FAE04EC0-301F-11D3-BF4B-00C04F79EFBC}") = "Unity.2D.Animation.Triangle.Runtime", "Unity.2D.Animation.Triangle.Runtime.csproj", "{8411eb7f-ed45-5b1a-f760-cfd386b7cad3}"
EndProject
Project("{FAE04EC0-301F-11D3-BF4B-00C04F79EFBC}") = "Unity.Timeline", "Unity.Timeline.csproj", "{1661f61e-9839-2b3e-0c71-45828ef00073}"
EndProject
Project("{FAE04EC0-301F-11D3-BF4B-00C04F79EFBC}") = "UnityEngine.UI", "UnityEngine.UI.csproj", "{c4476bfe-4442-25a5-2700-ae9b2c8bd194}"
EndProject
Project("{FAE04EC0-301F-11D3-BF4B-00C04F79EFBC}") = "Cinemachine", "Cinemachine.csproj", "{4b01b1a9-7007-df7e-ad83-522dd5a446d8}"
EndProject
Project("{FAE04EC0-301F-11D3-BF4B-00C04F79EFBC}") = "Unity.TextMeshPro", "Unity.TextMeshPro.csproj", "{743c1b21-795a-a5c6-7b94-668ccbbbc167}"
EndProject
Project("{FAE04EC0-301F-11D3-BF4B-00C04F79EFBC}") = "Unity.2D.Animation.Runtime", "Unity.2D.Animation.Runtime.csproj", "{d85f42cc-7c09-cc9a-c3a2-498a7258f95b}"
EndProject
Project("{FAE04EC0-301F-11D3-BF4B-00C04F79EFBC}") = "Unity.2D.IK.Runtime", "Unity.2D.IK.Runtime.csproj", "{dc293fde-aef2-ce7c-6f63-3323a1e1282d}"
EndProject
Project("{FAE04EC0-301F-11D3-BF4B-00C04F79EFBC}") = "Unity.2D.SpriteShape.Runtime", "Unity.2D.SpriteShape.Runtime.csproj", "{5b1c0edd-df12-9a79-afba-11a51681841c}"
EndProject
Project("{FAE04EC0-301F-11D3-BF4B-00C04F79EFBC}") = "Unity.2D.PixelPerfect", "Unity.2D.PixelPerfect.csproj", "{edcb9cf1-60e1-5ef9-482e-e9e9700021b7}"
EndProject
Project("{FAE04EC0-301F-11D3-BF4B-00C04F79EFBC}") = "Unity.2D.Common.Runtime", "Unity.2D.Common.Runtime.csproj", "{89e94bb7-e99d-f0c5-729b-2a1f3866b21e}"
EndProject
Project("{FAE04EC0-301F-11D3-BF4B-00C04F79EFBC}") = "Unity.InternalAPIEngineBridge.001", "Unity.InternalAPIEngineBridge.001.csproj", "{a00e47de-f0d9-33e7-e3ac-28321467cb61}"
EndProject
Project("{FAE04EC0-301F-11D3-BF4B-00C04F79EFBC}") = "Assembly-CSharp", "Assembly-CSharp.csproj", "{8c0a241b-4f9a-252f-b643-f3deb7eefa22}"
EndProject
Project("{FAE04EC0-301F-11D3-BF4B-00C04F79EFBC}") = "UnityEditor.TestRunner", "UnityEditor.TestRunner.csproj", "{56be686c-c62f-eaab-aa4d-373e978248a4}"
EndProject
Project("{FAE04EC0-301F-11D3-BF4B-00C04F79EFBC}") = "Unity.PlasticSCM.Editor", "Unity.PlasticSCM.Editor.csproj", "{7b0fc520-6046-f9d3-5adb-02cdc4b42e3c}"
EndProject
Project("{FAE04EC0-301F-11D3-BF4B-00C04F79EFBC}") = "UnityEditor.UI", "UnityEditor.UI.csproj", "{0fad467a-4bce-17a9-8bc9-bb03d3a2837e}"
EndProject
Project("{FAE04EC0-301F-11D3-BF4B-00C04F79EFBC}") = "Unity.Services.Core.Editor", "Unity.Services.Core.Editor.csproj", "{12e77e09-a296-d377-a22d-7b309742f1b2}"
EndProject
Project("{FAE04EC0-301F-11D3-BF4B-00C04F79EFBC}") = "Unity.Timeline.Editor", "Unity.Timeline.Editor.csproj", "{41acd076-6ffd-a632-c49b-b56f42cedf4f}"
EndProject
Project("{FAE04EC0-301F-11D3-BF4B-00C04F79EFBC}") = "Unity.VisualStudio.Editor", "Unity.VisualStudio.Editor.csproj", "{b01237c1-fc33-7494-fcf5-b38c77e81362}"
EndProject
Project("{FAE04EC0-301F-11D3-BF4B-00C04F79EFBC}") = "com.unity.cinemachine.editor", "com.unity.cinemachine.editor.csproj", "{d7591756-3666-3cf2-6243-3c677a645b4f}"
EndProject
Project("{FAE04EC0-301F-11D3-BF4B-00C04F79EFBC}") = "Unity.2D.Psdimporter.Editor", "Unity.2D.Psdimporter.Editor.csproj", "{e7da1604-ad71-5240-0987-fe2603136cc7}"
EndProject
Project("{FAE04EC0-301F-11D3-BF4B-00C04F79EFBC}") = "Unity.2D.Animation.Editor", "Unity.2D.Animation.Editor.csproj", "{aa588b47-d965-2b4d-57eb-5e5072a4e91c}"
EndProject
Project("{FAE04EC0-301F-11D3-BF4B-00C04F79EFBC}") = "Unity.TextMeshPro.Editor", "Unity.TextMeshPro.Editor.csproj", "{97403967-25d1-6f79-edb7-557fa65bfc98}"
EndProject
Project("{FAE04EC0-301F-11D3-BF4B-00C04F79EFBC}") = "Unity.2D.SpriteShape.Editor", "Unity.2D.SpriteShape.Editor.csproj", "{451c6086-2dd2-46f5-f520-1031daddf0d9}"
EndProject
Project("{FAE04EC0-301F-11D3-BF4B-00C04F79EFBC}") = "Unity.CollabProxy.Editor", "Unity.CollabProxy.Editor.csproj", "{7a5465b7-b1ed-6a78-0973-51a61b1b0fea}"
EndProject
Project("{FAE04EC0-301F-11D3-BF4B-00C04F79EFBC}") = "PsdPlugin", "PsdPlugin.csproj", "{86f259eb-f983-fd62-f240-ebab41f5d622}"
EndProject
Project("{FAE04EC0-301F-11D3-BF4B-00C04F79EFBC}") = "Unity.2D.Path.Editor", "Unity.2D.Path.Editor.csproj", "{2048800a-7b46-adc1-3a4a-4714d806eac4}"
EndProject
Project("{FAE04EC0-301F-11D3-BF4B-00C04F79EFBC}") = "Unity.Rider.Editor", "Unity.Rider.Editor.csproj", "{e4b0d348-4425-c822-57e3-168aca3940ac}"
EndProject
Project("{FAE04EC0-301F-11D3-BF4B-00C04F79EFBC}") = "Unity.2D.IK.Editor", "Unity.2D.IK.Editor.csproj", "{5cce4e4e-7a58-7abc-9e10-a29387c0a294}"
EndProject
Project("{FAE04EC0-301F-11D3-BF4B-00C04F79EFBC}") = "Unity.2D.Sprite.Editor", "Unity.2D.Sprite.Editor.csproj", "{5a749b05-b6df-6c32-be61-430d412f4e6c}"
EndProject
Project("{FAE04EC0-301F-11D3-BF4B-00C04F79EFBC}") = "Unity.2D.Tilemap.Editor", "Unity.2D.Tilemap.Editor.csproj", "{aa8cce3e-6035-39c0-83b1-017db5e62bcc}"
EndProject
Project("{FAE04EC0-301F-11D3-BF4B-00C04F79EFBC}") = "Unity.2D.PixelPerfect.Editor", "Unity.2D.PixelPerfect.Editor.csproj", "{f3e46601-9080-d384-51db-97d73e859296}"
EndProject
Project("{FAE04EC0-301F-11D3-BF4B-00C04F79EFBC}") = "Unity.VSCode.Editor", "Unity.VSCode.Editor.csproj", "{ec6cf779-0929-e6e2-55f8-b1ea593f5214}"
EndProject
Project("{FAE04EC0-301F-11D3-BF4B-00C04F79EFBC}") = "Unity.2D.Common.Editor", "Unity.2D.Common.Editor.csproj", "{e32b2fb0-dc14-6a9e-42fc-abc42346d4e1}"
EndProject
Project("{FAE04EC0-301F-11D3-BF4B-00C04F79EFBC}") = "Unity.Mathematics.Editor", "Unity.Mathematics.Editor.csproj", "{92f5e2b6-384f-9502-01fa-3f7e66c96cb3}"
EndProject
Project("{FAE04EC0-301F-11D3-BF4B-00C04F79EFBC}") = "Unity.InternalAPIEditorBridge.001", "Unity.InternalAPIEditorBridge.001.csproj", "{c31e2187-1301-51a1-afe5-526dd115562a}"
EndProject
Global
	GlobalSection(SolutionConfigurationPlatforms) = preSolution
		Debug|Any CPU = Debug|Any CPU
		Release|Any CPU = Release|Any CPU
	EndGlobalSection
	GlobalSection(ProjectConfigurationPlatforms) = postSolution
		{913cb208-e085-2148-5286-010a03dca6ff}.Debug|Any CPU.ActiveCfg = Debug|Any CPU
		{913cb208-e085-2148-5286-010a03dca6ff}.Debug|Any CPU.Build.0 = Debug|Any CPU
		{913cb208-e085-2148-5286-010a03dca6ff}.Release|Any CPU.ActiveCfg = Release|Any CPU
		{913cb208-e085-2148-5286-010a03dca6ff}.Release|Any CPU.Build.0 = Release|Any CPU
		{41edb052-ff47-d322-a2e3-a4aa3177cf59}.Debug|Any CPU.ActiveCfg = Debug|Any CPU
		{41edb052-ff47-d322-a2e3-a4aa3177cf59}.Debug|Any CPU.Build.0 = Debug|Any CPU
		{41edb052-ff47-d322-a2e3-a4aa3177cf59}.Release|Any CPU.ActiveCfg = Release|Any CPU
		{41edb052-ff47-d322-a2e3-a4aa3177cf59}.Release|Any CPU.Build.0 = Release|Any CPU
		{8411eb7f-ed45-5b1a-f760-cfd386b7cad3}.Debug|Any CPU.ActiveCfg = Debug|Any CPU
		{8411eb7f-ed45-5b1a-f760-cfd386b7cad3}.Debug|Any CPU.Build.0 = Debug|Any CPU
		{8411eb7f-ed45-5b1a-f760-cfd386b7cad3}.Release|Any CPU.ActiveCfg = Release|Any CPU
		{8411eb7f-ed45-5b1a-f760-cfd386b7cad3}.Release|Any CPU.Build.0 = Release|Any CPU
		{1661f61e-9839-2b3e-0c71-45828ef00073}.Debug|Any CPU.ActiveCfg = Debug|Any CPU
		{1661f61e-9839-2b3e-0c71-45828ef00073}.Debug|Any CPU.Build.0 = Debug|Any CPU
		{1661f61e-9839-2b3e-0c71-45828ef00073}.Release|Any CPU.ActiveCfg = Release|Any CPU
		{1661f61e-9839-2b3e-0c71-45828ef00073}.Release|Any CPU.Build.0 = Release|Any CPU
		{c4476bfe-4442-25a5-2700-ae9b2c8bd194}.Debug|Any CPU.ActiveCfg = Debug|Any CPU
		{c4476bfe-4442-25a5-2700-ae9b2c8bd194}.Debug|Any CPU.Build.0 = Debug|Any CPU
		{c4476bfe-4442-25a5-2700-ae9b2c8bd194}.Release|Any CPU.ActiveCfg = Release|Any CPU
		{c4476bfe-4442-25a5-2700-ae9b2c8bd194}.Release|Any CPU.Build.0 = Release|Any CPU
		{4b01b1a9-7007-df7e-ad83-522dd5a446d8}.Debug|Any CPU.ActiveCfg = Debug|Any CPU
		{4b01b1a9-7007-df7e-ad83-522dd5a446d8}.Debug|Any CPU.Build.0 = Debug|Any CPU
		{4b01b1a9-7007-df7e-ad83-522dd5a446d8}.Release|Any CPU.ActiveCfg = Release|Any CPU
		{4b01b1a9-7007-df7e-ad83-522dd5a446d8}.Release|Any CPU.Build.0 = Release|Any CPU
		{743c1b21-795a-a5c6-7b94-668ccbbbc167}.Debug|Any CPU.ActiveCfg = Debug|Any CPU
		{743c1b21-795a-a5c6-7b94-668ccbbbc167}.Debug|Any CPU.Build.0 = Debug|Any CPU
		{743c1b21-795a-a5c6-7b94-668ccbbbc167}.Release|Any CPU.ActiveCfg = Release|Any CPU
		{743c1b21-795a-a5c6-7b94-668ccbbbc167}.Release|Any CPU.Build.0 = Release|Any CPU
		{d85f42cc-7c09-cc9a-c3a2-498a7258f95b}.Debug|Any CPU.ActiveCfg = Debug|Any CPU
		{d85f42cc-7c09-cc9a-c3a2-498a7258f95b}.Debug|Any CPU.Build.0 = Debug|Any CPU
		{d85f42cc-7c09-cc9a-c3a2-498a7258f95b}.Release|Any CPU.ActiveCfg = Release|Any CPU
		{d85f42cc-7c09-cc9a-c3a2-498a7258f95b}.Release|Any CPU.Build.0 = Release|Any CPU
		{dc293fde-aef2-ce7c-6f63-3323a1e1282d}.Debug|Any CPU.ActiveCfg = Debug|Any CPU
		{dc293fde-aef2-ce7c-6f63-3323a1e1282d}.Debug|Any CPU.Build.0 = Debug|Any CPU
		{dc293fde-aef2-ce7c-6f63-3323a1e1282d}.Release|Any CPU.ActiveCfg = Release|Any CPU
		{dc293fde-aef2-ce7c-6f63-3323a1e1282d}.Release|Any CPU.Build.0 = Release|Any CPU
		{5b1c0edd-df12-9a79-afba-11a51681841c}.Debug|Any CPU.ActiveCfg = Debug|Any CPU
		{5b1c0edd-df12-9a79-afba-11a51681841c}.Debug|Any CPU.Build.0 = Debug|Any CPU
		{5b1c0edd-df12-9a79-afba-11a51681841c}.Release|Any CPU.ActiveCfg = Release|Any CPU
		{5b1c0edd-df12-9a79-afba-11a51681841c}.Release|Any CPU.Build.0 = Release|Any CPU
		{edcb9cf1-60e1-5ef9-482e-e9e9700021b7}.Debug|Any CPU.ActiveCfg = Debug|Any CPU
		{edcb9cf1-60e1-5ef9-482e-e9e9700021b7}.Debug|Any CPU.Build.0 = Debug|Any CPU
		{edcb9cf1-60e1-5ef9-482e-e9e9700021b7}.Release|Any CPU.ActiveCfg = Release|Any CPU
		{edcb9cf1-60e1-5ef9-482e-e9e9700021b7}.Release|Any CPU.Build.0 = Release|Any CPU
		{89e94bb7-e99d-f0c5-729b-2a1f3866b21e}.Debug|Any CPU.ActiveCfg = Debug|Any CPU
		{89e94bb7-e99d-f0c5-729b-2a1f3866b21e}.Debug|Any CPU.Build.0 = Debug|Any CPU
		{89e94bb7-e99d-f0c5-729b-2a1f3866b21e}.Release|Any CPU.ActiveCfg = Release|Any CPU
		{89e94bb7-e99d-f0c5-729b-2a1f3866b21e}.Release|Any CPU.Build.0 = Release|Any CPU
		{a00e47de-f0d9-33e7-e3ac-28321467cb61}.Debug|Any CPU.ActiveCfg = Debug|Any CPU
		{a00e47de-f0d9-33e7-e3ac-28321467cb61}.Debug|Any CPU.Build.0 = Debug|Any CPU
		{a00e47de-f0d9-33e7-e3ac-28321467cb61}.Release|Any CPU.ActiveCfg = Release|Any CPU
		{a00e47de-f0d9-33e7-e3ac-28321467cb61}.Release|Any CPU.Build.0 = Release|Any CPU
		{8c0a241b-4f9a-252f-b643-f3deb7eefa22}.Debug|Any CPU.ActiveCfg = Debug|Any CPU
		{8c0a241b-4f9a-252f-b643-f3deb7eefa22}.Debug|Any CPU.Build.0 = Debug|Any CPU
		{8c0a241b-4f9a-252f-b643-f3deb7eefa22}.Release|Any CPU.ActiveCfg = Release|Any CPU
		{8c0a241b-4f9a-252f-b643-f3deb7eefa22}.Release|Any CPU.Build.0 = Release|Any CPU
		{56be686c-c62f-eaab-aa4d-373e978248a4}.Debug|Any CPU.ActiveCfg = Debug|Any CPU
		{56be686c-c62f-eaab-aa4d-373e978248a4}.Debug|Any CPU.Build.0 = Debug|Any CPU
		{56be686c-c62f-eaab-aa4d-373e978248a4}.Release|Any CPU.ActiveCfg = Release|Any CPU
		{56be686c-c62f-eaab-aa4d-373e978248a4}.Release|Any CPU.Build.0 = Release|Any CPU
		{7b0fc520-6046-f9d3-5adb-02cdc4b42e3c}.Debug|Any CPU.ActiveCfg = Debug|Any CPU
		{7b0fc520-6046-f9d3-5adb-02cdc4b42e3c}.Debug|Any CPU.Build.0 = Debug|Any CPU
		{7b0fc520-6046-f9d3-5adb-02cdc4b42e3c}.Release|Any CPU.ActiveCfg = Release|Any CPU
		{7b0fc520-6046-f9d3-5adb-02cdc4b42e3c}.Release|Any CPU.Build.0 = Release|Any CPU
		{0fad467a-4bce-17a9-8bc9-bb03d3a2837e}.Debug|Any CPU.ActiveCfg = Debug|Any CPU
		{0fad467a-4bce-17a9-8bc9-bb03d3a2837e}.Debug|Any CPU.Build.0 = Debug|Any CPU
		{0fad467a-4bce-17a9-8bc9-bb03d3a2837e}.Release|Any CPU.ActiveCfg = Release|Any CPU
		{0fad467a-4bce-17a9-8bc9-bb03d3a2837e}.Release|Any CPU.Build.0 = Release|Any CPU
		{12e77e09-a296-d377-a22d-7b309742f1b2}.Debug|Any CPU.ActiveCfg = Debug|Any CPU
		{12e77e09-a296-d377-a22d-7b309742f1b2}.Debug|Any CPU.Build.0 = Debug|Any CPU
		{12e77e09-a296-d377-a22d-7b309742f1b2}.Release|Any CPU.ActiveCfg = Release|Any CPU
		{12e77e09-a296-d377-a22d-7b309742f1b2}.Release|Any CPU.Build.0 = Release|Any CPU
		{41acd076-6ffd-a632-c49b-b56f42cedf4f}.Debug|Any CPU.ActiveCfg = Debug|Any CPU
		{41acd076-6ffd-a632-c49b-b56f42cedf4f}.Debug|Any CPU.Build.0 = Debug|Any CPU
		{41acd076-6ffd-a632-c49b-b56f42cedf4f}.Release|Any CPU.ActiveCfg = Release|Any CPU
		{41acd076-6ffd-a632-c49b-b56f42cedf4f}.Release|Any CPU.Build.0 = Release|Any CPU
		{b01237c1-fc33-7494-fcf5-b38c77e81362}.Debug|Any CPU.ActiveCfg = Debug|Any CPU
		{b01237c1-fc33-7494-fcf5-b38c77e81362}.Debug|Any CPU.Build.0 = Debug|Any CPU
		{b01237c1-fc33-7494-fcf5-b38c77e81362}.Release|Any CPU.ActiveCfg = Release|Any CPU
		{b01237c1-fc33-7494-fcf5-b38c77e81362}.Release|Any CPU.Build.0 = Release|Any CPU
		{d7591756-3666-3cf2-6243-3c677a645b4f}.Debug|Any CPU.ActiveCfg = Debug|Any CPU
		{d7591756-3666-3cf2-6243-3c677a645b4f}.Debug|Any CPU.Build.0 = Debug|Any CPU
		{d7591756-3666-3cf2-6243-3c677a645b4f}.Release|Any CPU.ActiveCfg = Release|Any CPU
		{d7591756-3666-3cf2-6243-3c677a645b4f}.Release|Any CPU.Build.0 = Release|Any CPU
		{e7da1604-ad71-5240-0987-fe2603136cc7}.Debug|Any CPU.ActiveCfg = Debug|Any CPU
		{e7da1604-ad71-5240-0987-fe2603136cc7}.Debug|Any CPU.Build.0 = Debug|Any CPU
		{e7da1604-ad71-5240-0987-fe2603136cc7}.Release|Any CPU.ActiveCfg = Release|Any CPU
		{e7da1604-ad71-5240-0987-fe2603136cc7}.Release|Any CPU.Build.0 = Release|Any CPU
		{aa588b47-d965-2b4d-57eb-5e5072a4e91c}.Debug|Any CPU.ActiveCfg = Debug|Any CPU
		{aa588b47-d965-2b4d-57eb-5e5072a4e91c}.Debug|Any CPU.Build.0 = Debug|Any CPU
		{aa588b47-d965-2b4d-57eb-5e5072a4e91c}.Release|Any CPU.ActiveCfg = Release|Any CPU
		{aa588b47-d965-2b4d-57eb-5e5072a4e91c}.Release|Any CPU.Build.0 = Release|Any CPU
		{97403967-25d1-6f79-edb7-557fa65bfc98}.Debug|Any CPU.ActiveCfg = Debug|Any CPU
		{97403967-25d1-6f79-edb7-557fa65bfc98}.Debug|Any CPU.Build.0 = Debug|Any CPU
		{97403967-25d1-6f79-edb7-557fa65bfc98}.Release|Any CPU.ActiveCfg = Release|Any CPU
		{97403967-25d1-6f79-edb7-557fa65bfc98}.Release|Any CPU.Build.0 = Release|Any CPU
		{451c6086-2dd2-46f5-f520-1031daddf0d9}.Debug|Any CPU.ActiveCfg = Debug|Any CPU
		{451c6086-2dd2-46f5-f520-1031daddf0d9}.Debug|Any CPU.Build.0 = Debug|Any CPU
		{451c6086-2dd2-46f5-f520-1031daddf0d9}.Release|Any CPU.ActiveCfg = Release|Any CPU
		{451c6086-2dd2-46f5-f520-1031daddf0d9}.Release|Any CPU.Build.0 = Release|Any CPU
		{7a5465b7-b1ed-6a78-0973-51a61b1b0fea}.Debug|Any CPU.ActiveCfg = Debug|Any CPU
		{7a5465b7-b1ed-6a78-0973-51a61b1b0fea}.Debug|Any CPU.Build.0 = Debug|Any CPU
		{7a5465b7-b1ed-6a78-0973-51a61b1b0fea}.Release|Any CPU.ActiveCfg = Release|Any CPU
		{7a5465b7-b1ed-6a78-0973-51a61b1b0fea}.Release|Any CPU.Build.0 = Release|Any CPU
		{86f259eb-f983-fd62-f240-ebab41f5d622}.Debug|Any CPU.ActiveCfg = Debug|Any CPU
		{86f259eb-f983-fd62-f240-ebab41f5d622}.Debug|Any CPU.Build.0 = Debug|Any CPU
		{86f259eb-f983-fd62-f240-ebab41f5d622}.Release|Any CPU.ActiveCfg = Release|Any CPU
		{86f259eb-f983-fd62-f240-ebab41f5d622}.Release|Any CPU.Build.0 = Release|Any CPU
		{2048800a-7b46-adc1-3a4a-4714d806eac4}.Debug|Any CPU.ActiveCfg = Debug|Any CPU
		{2048800a-7b46-adc1-3a4a-4714d806eac4}.Debug|Any CPU.Build.0 = Debug|Any CPU
		{2048800a-7b46-adc1-3a4a-4714d806eac4}.Release|Any CPU.ActiveCfg = Release|Any CPU
		{2048800a-7b46-adc1-3a4a-4714d806eac4}.Release|Any CPU.Build.0 = Release|Any CPU
		{e4b0d348-4425-c822-57e3-168aca3940ac}.Debug|Any CPU.ActiveCfg = Debug|Any CPU
		{e4b0d348-4425-c822-57e3-168aca3940ac}.Debug|Any CPU.Build.0 = Debug|Any CPU
		{e4b0d348-4425-c822-57e3-168aca3940ac}.Release|Any CPU.ActiveCfg = Release|Any CPU
		{e4b0d348-4425-c822-57e3-168aca3940ac}.Release|Any CPU.Build.0 = Release|Any CPU
		{5cce4e4e-7a58-7abc-9e10-a29387c0a294}.Debug|Any CPU.ActiveCfg = Debug|Any CPU
		{5cce4e4e-7a58-7abc-9e10-a29387c0a294}.Debug|Any CPU.Build.0 = Debug|Any CPU
		{5cce4e4e-7a58-7abc-9e10-a29387c0a294}.Release|Any CPU.ActiveCfg = Release|Any CPU
		{5cce4e4e-7a58-7abc-9e10-a29387c0a294}.Release|Any CPU.Build.0 = Release|Any CPU
		{5a749b05-b6df-6c32-be61-430d412f4e6c}.Debug|Any CPU.ActiveCfg = Debug|Any CPU
		{5a749b05-b6df-6c32-be61-430d412f4e6c}.Debug|Any CPU.Build.0 = Debug|Any CPU
		{5a749b05-b6df-6c32-be61-430d412f4e6c}.Release|Any CPU.ActiveCfg = Release|Any CPU
		{5a749b05-b6df-6c32-be61-430d412f4e6c}.Release|Any CPU.Build.0 = Release|Any CPU
		{aa8cce3e-6035-39c0-83b1-017db5e62bcc}.Debug|Any CPU.ActiveCfg = Debug|Any CPU
		{aa8cce3e-6035-39c0-83b1-017db5e62bcc}.Debug|Any CPU.Build.0 = Debug|Any CPU
		{aa8cce3e-6035-39c0-83b1-017db5e62bcc}.Release|Any CPU.ActiveCfg = Release|Any CPU
		{aa8cce3e-6035-39c0-83b1-017db5e62bcc}.Release|Any CPU.Build.0 = Release|Any CPU
		{f3e46601-9080-d384-51db-97d73e859296}.Debug|Any CPU.ActiveCfg = Debug|Any CPU
		{f3e46601-9080-d384-51db-97d73e859296}.Debug|Any CPU.Build.0 = Debug|Any CPU
		{f3e46601-9080-d384-51db-97d73e859296}.Release|Any CPU.ActiveCfg = Release|Any CPU
		{f3e46601-9080-d384-51db-97d73e859296}.Release|Any CPU.Build.0 = Release|Any CPU
		{ec6cf779-0929-e6e2-55f8-b1ea593f5214}.Debug|Any CPU.ActiveCfg = Debug|Any CPU
		{ec6cf779-0929-e6e2-55f8-b1ea593f5214}.Debug|Any CPU.Build.0 = Debug|Any CPU
		{ec6cf779-0929-e6e2-55f8-b1ea593f5214}.Release|Any CPU.ActiveCfg = Release|Any CPU
		{ec6cf779-0929-e6e2-55f8-b1ea593f5214}.Release|Any CPU.Build.0 = Release|Any CPU
		{e32b2fb0-dc14-6a9e-42fc-abc42346d4e1}.Debug|Any CPU.ActiveCfg = Debug|Any CPU
		{e32b2fb0-dc14-6a9e-42fc-abc42346d4e1}.Debug|Any CPU.Build.0 = Debug|Any CPU
		{e32b2fb0-dc14-6a9e-42fc-abc42346d4e1}.Release|Any CPU.ActiveCfg = Release|Any CPU
		{e32b2fb0-dc14-6a9e-42fc-abc42346d4e1}.Release|Any CPU.Build.0 = Release|Any CPU
		{92f5e2b6-384f-9502-01fa-3f7e66c96cb3}.Debug|Any CPU.ActiveCfg = Debug|Any CPU
		{92f5e2b6-384f-9502-01fa-3f7e66c96cb3}.Debug|Any CPU.Build.0 = Debug|Any CPU
		{92f5e2b6-384f-9502-01fa-3f7e66c96cb3}.Release|Any CPU.ActiveCfg = Release|Any CPU
		{92f5e2b6-384f-9502-01fa-3f7e66c96cb3}.Release|Any CPU.Build.0 = Release|Any CPU
		{c31e2187-1301-51a1-afe5-526dd115562a}.Debug|Any CPU.ActiveCfg = Debug|Any CPU
		{c31e2187-1301-51a1-afe5-526dd115562a}.Debug|Any CPU.Build.0 = Debug|Any CPU
		{c31e2187-1301-51a1-afe5-526dd115562a}.Release|Any CPU.ActiveCfg = Release|Any CPU
		{c31e2187-1301-51a1-afe5-526dd115562a}.Release|Any CPU.Build.0 = Release|Any CPU
	EndGlobalSection
	GlobalSection(SolutionProperties) = preSolution
		HideSolutionNode = FALSE
	EndGlobalSection
EndGlobal
